// !$*UTF8*$!
{
	archiveVersion = 1;
	classes = {
	};
	objectVersion = 46;
	objects = {

/* Begin PBXBuildFile section */
		8159A2F51E70E27F00541205 /* AppDelegate.swift in Sources */ = {isa = PBXBuildFile; fileRef = 8159A2F41E70E27F00541205 /* AppDelegate.swift */; };
		8159A2F71E70E27F00541205 /* ViewController.swift in Sources */ = {isa = PBXBuildFile; fileRef = 8159A2F61E70E27F00541205 /* ViewController.swift */; };
		8159A2FA1E70E27F00541205 /* Main.storyboard in Resources */ = {isa = PBXBuildFile; fileRef = 8159A2F81E70E27F00541205 /* Main.storyboard */; };
		8159A2FC1E70E27F00541205 /* Assets.xcassets in Resources */ = {isa = PBXBuildFile; fileRef = 8159A2FB1E70E27F00541205 /* Assets.xcassets */; };
		8159A2FF1E70E27F00541205 /* LaunchScreen.storyboard in Resources */ = {isa = PBXBuildFile; fileRef = 8159A2FD1E70E27F00541205 /* LaunchScreen.storyboard */; };
		8159A30A1E70E27F00541205 /* autoLayoutTests.swift in Sources */ = {isa = PBXBuildFile; fileRef = 8159A3091E70E27F00541205 /* autoLayoutTests.swift */; };
		8159A3151E70E27F00541205 /* autoLayoutUITests.swift in Sources */ = {isa = PBXBuildFile; fileRef = 8159A3141E70E27F00541205 /* autoLayoutUITests.swift */; };
/* End PBXBuildFile section */

/* Begin PBXContainerItemProxy section */
		8159A3061E70E27F00541205 /* PBXContainerItemProxy */ = {
			isa = PBXContainerItemProxy;
			containerPortal = 8159A2E91E70E27F00541205 /* Project object */;
			proxyType = 1;
			remoteGlobalIDString = 8159A2F01E70E27F00541205;
			remoteInfo = autoLayout;
		};
		8159A3111E70E27F00541205 /* PBXContainerItemProxy */ = {
			isa = PBXContainerItemProxy;
			containerPortal = 8159A2E91E70E27F00541205 /* Project object */;
			proxyType = 1;
			remoteGlobalIDString = 8159A2F01E70E27F00541205;
			remoteInfo = autoLayout;
		};
/* End PBXContainerItemProxy section */

/* Begin PBXFileReference section */
		8159A2F11E70E27F00541205 /* autoLayout.app */ = {isa = PBXFileReference; explicitFileType = wrapper.application; includeInIndex = 0; path = autoLayout.app; sourceTree = BUILT_PRODUCTS_DIR; };
		8159A2F41E70E27F00541205 /* AppDelegate.swift */ = {isa = PBXFileReference; lastKnownFileType = sourcecode.swift; path = AppDelegate.swift; sourceTree = "<group>"; };
		8159A2F61E70E27F00541205 /* ViewController.swift */ = {isa = PBXFileReference; lastKnownFileType = sourcecode.swift; path = ViewController.swift; sourceTree = "<group>"; };
		8159A2F91E70E27F00541205 /* Base */ = {isa = PBXFileReference; lastKnownFileType = file.storyboard; name = Base; path = Base.lproj/Main.storyboard; sourceTree = "<group>"; };
		8159A2FB1E70E27F00541205 /* Assets.xcassets */ = {isa = PBXFileReference; lastKnownFileType = folder.assetcatalog; path = Assets.xcassets; sourceTree = "<group>"; };
		8159A2FE1E70E27F00541205 /* Base */ = {isa = PBXFileReference; lastKnownFileType = file.storyboard; name = Base; path = Base.lproj/LaunchScreen.storyboard; sourceTree = "<group>"; };
		8159A3001E70E27F00541205 /* Info.plist */ = {isa = PBXFileReference; lastKnownFileType = text.plist.xml; path = Info.plist; sourceTree = "<group>"; };
		8159A3051E70E27F00541205 /* autoLayoutTests.xctest */ = {isa = PBXFileReference; explicitFileType = wrapper.cfbundle; includeInIndex = 0; path = autoLayoutTests.xctest; sourceTree = BUILT_PRODUCTS_DIR; };
		8159A3091E70E27F00541205 /* autoLayoutTests.swift */ = {isa = PBXFileReference; lastKnownFileType = sourcecode.swift; path = autoLayoutTests.swift; sourceTree = "<group>"; };
		8159A30B1E70E27F00541205 /* Info.plist */ = {isa = PBXFileReference; lastKnownFileType = text.plist.xml; path = Info.plist; sourceTree = "<group>"; };
		8159A3101E70E27F00541205 /* autoLayoutUITests.xctest */ = {isa = PBXFileReference; explicitFileType = wrapper.cfbundle; includeInIndex = 0; path = autoLayoutUITests.xctest; sourceTree = BUILT_PRODUCTS_DIR; };
		8159A3141E70E27F00541205 /* autoLayoutUITests.swift */ = {isa = PBXFileReference; lastKnownFileType = sourcecode.swift; path = autoLayoutUITests.swift; sourceTree = "<group>"; };
		8159A3161E70E27F00541205 /* Info.plist */ = {isa = PBXFileReference; lastKnownFileType = text.plist.xml; path = Info.plist; sourceTree = "<group>"; };
/* End PBXFileReference section */

/* Begin PBXFrameworksBuildPhase section */
		8159A2EE1E70E27F00541205 /* Frameworks */ = {
			isa = PBXFrameworksBuildPhase;
			buildActionMask = 2147483647;
			files = (
			);
			runOnlyForDeploymentPostprocessing = 0;
		};
		8159A3021E70E27F00541205 /* Frameworks */ = {
			isa = PBXFrameworksBuildPhase;
			buildActionMask = 2147483647;
			files = (
			);
			runOnlyForDeploymentPostprocessing = 0;
		};
		8159A30D1E70E27F00541205 /* Frameworks */ = {
			isa = PBXFrameworksBuildPhase;
			buildActionMask = 2147483647;
			files = (
			);
			runOnlyForDeploymentPostprocessing = 0;
		};
/* End PBXFrameworksBuildPhase section */

/* Begin PBXGroup section */
		8159A2E81E70E27F00541205 = {
			isa = PBXGroup;
			children = (
				8159A2F31E70E27F00541205 /* autoLayout */,
				8159A3081E70E27F00541205 /* autoLayoutTests */,
				8159A3131E70E27F00541205 /* autoLayoutUITests */,
				8159A2F21E70E27F00541205 /* Products */,
			);
			sourceTree = "<group>";
		};
		8159A2F21E70E27F00541205 /* Products */ = {
			isa = PBXGroup;
			children = (
				8159A2F11E70E27F00541205 /* autoLayout.app */,
				8159A3051E70E27F00541205 /* autoLayoutTests.xctest */,
				8159A3101E70E27F00541205 /* autoLayoutUITests.xctest */,
			);
			name = Products;
			sourceTree = "<group>";
		};
		8159A2F31E70E27F00541205 /* autoLayout */ = {
			isa = PBXGroup;
			children = (
				8159A2F41E70E27F00541205 /* AppDelegate.swift */,
				8159A2F61E70E27F00541205 /* ViewController.swift */,
				8159A2F81E70E27F00541205 /* Main.storyboard */,
				8159A2FB1E70E27F00541205 /* Assets.xcassets */,
				8159A2FD1E70E27F00541205 /* LaunchScreen.storyboard */,
				8159A3001E70E27F00541205 /* Info.plist */,
			);
			path = autoLayout;
			sourceTree = "<group>";
		};
		8159A3081E70E27F00541205 /* autoLayoutTests */ = {
			isa = PBXGroup;
			children = (
				8159A3091E70E27F00541205 /* autoLayoutTests.swift */,
				8159A30B1E70E27F00541205 /* Info.plist */,
			);
			path = autoLayoutTests;
			sourceTree = "<group>";
		};
		8159A3131E70E27F00541205 /* autoLayoutUITests */ = {
			isa = PBXGroup;
			children = (
				8159A3141E70E27F00541205 /* autoLayoutUITests.swift */,
				8159A3161E70E27F00541205 /* Info.plist */,
			);
			path = autoLayoutUITests;
			sourceTree = "<group>";
		};
/* End PBXGroup section */

/* Begin PBXNativeTarget section */
		8159A2F01E70E27F00541205 /* autoLayout */ = {
			isa = PBXNativeTarget;
			buildConfigurationList = 8159A3191E70E27F00541205 /* Build configuration list for PBXNativeTarget "autoLayout" */;
			buildPhases = (
				8159A2ED1E70E27F00541205 /* Sources */,
				8159A2EE1E70E27F00541205 /* Frameworks */,
				8159A2EF1E70E27F00541205 /* Resources */,
			);
			buildRules = (
			);
			dependencies = (
			);
			name = autoLayout;
			productName = autoLayout;
			productReference = 8159A2F11E70E27F00541205 /* autoLayout.app */;
			productType = "com.apple.product-type.application";
		};
		8159A3041E70E27F00541205 /* autoLayoutTests */ = {
			isa = PBXNativeTarget;
			buildConfigurationList = 8159A31C1E70E27F00541205 /* Build configuration list for PBXNativeTarget "autoLayoutTests" */;
			buildPhases = (
				8159A3011E70E27F00541205 /* Sources */,
				8159A3021E70E27F00541205 /* Frameworks */,
				8159A3031E70E27F00541205 /* Resources */,
			);
			buildRules = (
			);
			dependencies = (
				8159A3071E70E27F00541205 /* PBXTargetDependency */,
			);
			name = autoLayoutTests;
			productName = autoLayoutTests;
			productReference = 8159A3051E70E27F00541205 /* autoLayoutTests.xctest */;
			productType = "com.apple.product-type.bundle.unit-test";
		};
		8159A30F1E70E27F00541205 /* autoLayoutUITests */ = {
			isa = PBXNativeTarget;
			buildConfigurationList = 8159A31F1E70E27F00541205 /* Build configuration list for PBXNativeTarget "autoLayoutUITests" */;
			buildPhases = (
				8159A30C1E70E27F00541205 /* Sources */,
				8159A30D1E70E27F00541205 /* Frameworks */,
				8159A30E1E70E27F00541205 /* Resources */,
			);
			buildRules = (
			);
			dependencies = (
				8159A3121E70E27F00541205 /* PBXTargetDependency */,
			);
			name = autoLayoutUITests;
			productName = autoLayoutUITests;
			productReference = 8159A3101E70E27F00541205 /* autoLayoutUITests.xctest */;
			productType = "com.apple.product-type.bundle.ui-testing";
		};
/* End PBXNativeTarget section */

/* Begin PBXProject section */
		8159A2E91E70E27F00541205 /* Project object */ = {
			isa = PBXProject;
			attributes = {
				LastSwiftUpdateCheck = 0820;
				LastUpgradeCheck = 0820;
				ORGANIZATIONNAME = IOS;
				TargetAttributes = {
					8159A2F01E70E27F00541205 = {
						CreatedOnToolsVersion = 8.2.1;
						ProvisioningStyle = Automatic;
					};
					8159A3041E70E27F00541205 = {
						CreatedOnToolsVersion = 8.2.1;
						ProvisioningStyle = Automatic;
						TestTargetID = 8159A2F01E70E27F00541205;
					};
					8159A30F1E70E27F00541205 = {
						CreatedOnToolsVersion = 8.2.1;
						ProvisioningStyle = Automatic;
						TestTargetID = 8159A2F01E70E27F00541205;
					};
				};
			};
			buildConfigurationList = 8159A2EC1E70E27F00541205 /* Build configuration list for PBXProject "autoLayout" */;
			compatibilityVersion = "Xcode 3.2";
			developmentRegion = English;
			hasScannedForEncodings = 0;
			knownRegions = (
				en,
				Base,
			);
			mainGroup = 8159A2E81E70E27F00541205;
			productRefGroup = 8159A2F21E70E27F00541205 /* Products */;
			projectDirPath = "";
			projectRoot = "";
			targets = (
				8159A2F01E70E27F00541205 /* autoLayout */,
				8159A3041E70E27F00541205 /* autoLayoutTests */,
				8159A30F1E70E27F00541205 /* autoLayoutUITests */,
			);
		};
/* End PBXProject section */

/* Begin PBXResourcesBuildPhase section */
		8159A2EF1E70E27F00541205 /* Resources */ = {
			isa = PBXResourcesBuildPhase;
			buildActionMask = 2147483647;
			files = (
				8159A2FF1E70E27F00541205 /* LaunchScreen.storyboard in Resources */,
				8159A2FC1E70E27F00541205 /* Assets.xcassets in Resources */,
				8159A2FA1E70E27F00541205 /* Main.storyboard in Resources */,
			);
			runOnlyForDeploymentPostprocessing = 0;
		};
		8159A3031E70E27F00541205 /* Resources */ = {
			isa = PBXResourcesBuildPhase;
			buildActionMask = 2147483647;
			files = (
			);
			runOnlyForDeploymentPostprocessing = 0;
		};
		8159A30E1E70E27F00541205 /* Resources */ = {
			isa = PBXResourcesBuildPhase;
			buildActionMask = 2147483647;
			files = (
			);
			runOnlyForDeploymentPostprocessing = 0;
		};
/* End PBXResourcesBuildPhase section */

/* Begin PBXSourcesBuildPhase section */
		8159A2ED1E70E27F00541205 /* Sources */ = {
			isa = PBXSourcesBuildPhase;
			buildActionMask = 2147483647;
			files = (
				8159A2F71E70E27F00541205 /* ViewController.swift in Sources */,
				8159A2F51E70E27F00541205 /* AppDelegate.swift in Sources */,
			);
			runOnlyForDeploymentPostprocessing = 0;
		};
		8159A3011E70E27F00541205 /* Sources */ = {
			isa = PBXSourcesBuildPhase;
			buildActionMask = 2147483647;
			files = (
				8159A30A1E70E27F00541205 /* autoLayoutTests.swift in Sources */,
			);
			runOnlyForDeploymentPostprocessing = 0;
		};
		8159A30C1E70E27F00541205 /* Sources */ = {
			isa = PBXSourcesBuildPhase;
			buildActionMask = 2147483647;
			files = (
				8159A3151E70E27F00541205 /* autoLayoutUITests.swift in Sources */,
			);
			runOnlyForDeploymentPostprocessing = 0;
		};
/* End PBXSourcesBuildPhase section */

/* Begin PBXTargetDependency section */
		8159A3071E70E27F00541205 /* PBXTargetDependency */ = {
			isa = PBXTargetDependency;
			target = 8159A2F01E70E27F00541205 /* autoLayout */;
			targetProxy = 8159A3061E70E27F00541205 /* PBXContainerItemProxy */;
		};
		8159A3121E70E27F00541205 /* PBXTargetDependency */ = {
			isa = PBXTargetDependency;
			target = 8159A2F01E70E27F00541205 /* autoLayout */;
			targetProxy = 8159A3111E70E27F00541205 /* PBXContainerItemProxy */;
		};
/* End PBXTargetDependency section */

/* Begin PBXVariantGroup section */
		8159A2F81E70E27F00541205 /* Main.storyboard */ = {
			isa = PBXVariantGroup;
			children = (
				8159A2F91E70E27F00541205 /* Base */,
			);
			name = Main.storyboard;
			sourceTree = "<group>";
		};
		8159A2FD1E70E27F00541205 /* LaunchScreen.storyboard */ = {
			isa = PBXVariantGroup;
			children = (
				8159A2FE1E70E27F00541205 /* Base */,
			);
			name = LaunchScreen.storyboard;
			sourceTree = "<group>";
		};
/* End PBXVariantGroup section */

/* Begin XCBuildConfiguration section */
		8159A3171E70E27F00541205 /* Debug */ = {
			isa = XCBuildConfiguration;
			buildSettings = {
				ALWAYS_SEARCH_USER_PATHS = NO;
				CLANG_ANALYZER_NONNULL = YES;
				CLANG_CXX_LANGUAGE_STANDARD = "gnu++0x";
				CLANG_CXX_LIBRARY = "libc++";
				CLANG_ENABLE_MODULES = YES;
				CLANG_ENABLE_OBJC_ARC = YES;
				CLANG_WARN_BOOL_CONVERSION = YES;
				CLANG_WARN_CONSTANT_CONVERSION = YES;
				CLANG_WARN_DIRECT_OBJC_ISA_USAGE = YES_ERROR;
				CLANG_WARN_DOCUMENTATION_COMMENTS = YES;
				CLANG_WARN_EMPTY_BODY = YES;
				CLANG_WARN_ENUM_CONVERSION = YES;
				CLANG_WARN_INFINITE_RECURSION = YES;
				CLANG_WARN_INT_CONVERSION = YES;
				CLANG_WARN_OBJC_ROOT_CLASS = YES_ERROR;
				CLANG_WARN_SUSPICIOUS_MOVE = YES;
				CLANG_WARN_UNREACHABLE_CODE = YES;
				CLANG_WARN__DUPLICATE_METHOD_MATCH = YES;
				"CODE_SIGN_IDENTITY[sdk=iphoneos*]" = "iPhone Developer";
				COPY_PHASE_STRIP = NO;
				DEBUG_INFORMATION_FORMAT = dwarf;
				ENABLE_STRICT_OBJC_MSGSEND = YES;
				ENABLE_TESTABILITY = YES;
				GCC_C_LANGUAGE_STANDARD = gnu99;
				GCC_DYNAMIC_NO_PIC = NO;
				GCC_NO_COMMON_BLOCKS = YES;
				GCC_OPTIMIZATION_LEVEL = 0;
				GCC_PREPROCESSOR_DEFINITIONS = (
					"DEBUG=1",
					"$(inherited)",
				);
				GCC_WARN_64_TO_32_BIT_CONVERSION = YES;
				GCC_WARN_ABOUT_RETURN_TYPE = YES_ERROR;
				GCC_WARN_UNDECLARED_SELECTOR = YES;
				GCC_WARN_UNINITIALIZED_AUTOS = YES_AGGRESSIVE;
				GCC_WARN_UNUSED_FUNCTION = YES;
				GCC_WARN_UNUSED_VARIABLE = YES;
				IPHONEOS_DEPLOYMENT_TARGET = 10.2;
				MTL_ENABLE_DEBUG_INFO = YES;
				ONLY_ACTIVE_ARCH = YES;
				SDKROOT = iphoneos;
				SWIFT_ACTIVE_COMPILATION_CONDITIONS = DEBUG;
				SWIFT_OPTIMIZATION_LEVEL = "-Onone";
				TARGETED_DEVICE_FAMILY = "1,2";
			};
			name = Debug;
		};
		8159A3181E70E27F00541205 /* Release */ = {
			isa = XCBuildConfiguration;
			buildSettings = {
				ALWAYS_SEARCH_USER_PATHS = NO;
				CLANG_ANALYZER_NONNULL = YES;
				CLANG_CXX_LANGUAGE_STANDARD = "gnu++0x";
				CLANG_CXX_LIBRARY = "libc++";
				CLANG_ENABLE_MODULES = YES;
				CLANG_ENABLE_OBJC_ARC = YES;
				CLANG_WARN_BOOL_CONVERSION = YES;
				CLANG_WARN_CONSTANT_CONVERSION = YES;
				CLANG_WARN_DIRECT_OBJC_ISA_USAGE = YES_ERROR;
				CLANG_WARN_DOCUMENTATION_COMMENTS = YES;
				CLANG_WARN_EMPTY_BODY = YES;
				CLANG_WARN_ENUM_CONVERSION = YES;
				CLANG_WARN_INFINITE_RECURSION = YES;
				CLANG_WARN_INT_CONVERSION = YES;
				CLANG_WARN_OBJC_ROOT_CLASS = YES_ERROR;
				CLANG_WARN_SUSPICIOUS_MOVE = YES;
				CLANG_WARN_UNREACHABLE_CODE = YES;
				CLANG_WARN__DUPLICATE_METHOD_MATCH = YES;
				"CODE_SIGN_IDENTITY[sdk=iphoneos*]" = "iPhone Developer";
				COPY_PHASE_STRIP = NO;
				DEBUG_INFORMATION_FORMAT = "dwarf-with-dsym";
				ENABLE_NS_ASSERTIONS = NO;
				ENABLE_STRICT_OBJC_MSGSEND = YES;
				GCC_C_LANGUAGE_STANDARD = gnu99;
				GCC_NO_COMMON_BLOCKS = YES;
				GCC_WARN_64_TO_32_BIT_CONVERSION = YES;
				GCC_WARN_ABOUT_RETURN_TYPE = YES_ERROR;
				GCC_WARN_UNDECLARED_SELECTOR = YES;
				GCC_WARN_UNINITIALIZED_AUTOS = YES_AGGRESSIVE;
				GCC_WARN_UNUSED_FUNCTION = YES;
				GCC_WARN_UNUSED_VARIABLE = YES;
				IPHONEOS_DEPLOYMENT_TARGET = 10.2;
				MTL_ENABLE_DEBUG_INFO = NO;
				SDKROOT = iphoneos;
				SWIFT_OPTIMIZATION_LEVEL = "-Owholemodule";
				TARGETED_DEVICE_FAMILY = "1,2";
				VALIDATE_PRODUCT = YES;
			};
			name = Release;
		};
		8159A31A1E70E27F00541205 /* Debug */ = {
			isa = XCBuildConfiguration;
			buildSettings = {
				ASSETCATALOG_COMPILER_APPICON_NAME = AppIcon;
				INFOPLIST_FILE = autoLayout/Info.plist;
				LD_RUNPATH_SEARCH_PATHS = "$(inherited) @executable_path/Frameworks";
				PRODUCT_BUNDLE_IDENTIFIER = com.liliesterw.autoLayout;
				PRODUCT_NAME = "$(TARGET_NAME)";
				SWIFT_VERSION = 3.0;
			};
			name = Debug;
		};
		8159A31B1E70E27F00541205 /* Release */ = {
			isa = XCBuildConfiguration;
			buildSettings = {
				ASSETCATALOG_COMPILER_APPICON_NAME = AppIcon;
				INFOPLIST_FILE = autoLayout/Info.plist;
				LD_RUNPATH_SEARCH_PATHS = "$(inherited) @executable_path/Frameworks";
				PRODUCT_BUNDLE_IDENTIFIER = com.liliesterw.autoLayout;
				PRODUCT_NAME = "$(TARGET_NAME)";
				SWIFT_VERSION = 3.0;
			};
			name = Release;
		};
		8159A31D1E70E27F00541205 /* Debug */ = {
			isa = XCBuildConfiguration;
			buildSettings = {
				ALWAYS_EMBED_SWIFT_STANDARD_LIBRARIES = YES;
				BUNDLE_LOADER = "$(TEST_HOST)";
				INFOPLIST_FILE = autoLayoutTests/Info.plist;
				LD_RUNPATH_SEARCH_PATHS = "$(inherited) @executable_path/Frameworks @loader_path/Frameworks";
				PRODUCT_BUNDLE_IDENTIFIER = com.liliesterw.autoLayoutTests;
				PRODUCT_NAME = "$(TARGET_NAME)";
				SWIFT_VERSION = 3.0;
				TEST_HOST = "$(BUILT_PRODUCTS_DIR)/autoLayout.app/autoLayout";
			};
			name = Debug;
		};
		8159A31E1E70E27F00541205 /* Release */ = {
			isa = XCBuildConfiguration;
			buildSettings = {
				ALWAYS_EMBED_SWIFT_STANDARD_LIBRARIES = YES;
				BUNDLE_LOADER = "$(TEST_HOST)";
				INFOPLIST_FILE = autoLayoutTests/Info.plist;
				LD_RUNPATH_SEARCH_PATHS = "$(inherited) @executable_path/Frameworks @loader_path/Frameworks";
				PRODUCT_BUNDLE_IDENTIFIER = com.liliesterw.autoLayoutTests;
				PRODUCT_NAME = "$(TARGET_NAME)";
				SWIFT_VERSION = 3.0;
				TEST_HOST = "$(BUILT_PRODUCTS_DIR)/autoLayout.app/autoLayout";
			};
			name = Release;
		};
		8159A3201E70E27F00541205 /* Debug */ = {
			isa = XCBuildConfiguration;
			buildSettings = {
				ALWAYS_EMBED_SWIFT_STANDARD_LIBRARIES = YES;
				INFOPLIST_FILE = autoLayoutUITests/Info.plist;
				LD_RUNPATH_SEARCH_PATHS = "$(inherited) @executable_path/Frameworks @loader_path/Frameworks";
				PRODUCT_BUNDLE_IDENTIFIER = com.liliesterw.autoLayoutUITests;
				PRODUCT_NAME = "$(TARGET_NAME)";
				SWIFT_VERSION = 3.0;
				TEST_TARGET_NAME = autoLayout;
			};
			name = Debug;
		};
		8159A3211E70E27F00541205 /* Release */ = {
			isa = XCBuildConfiguration;
			buildSettings = {
				ALWAYS_EMBED_SWIFT_STANDARD_LIBRARIES = YES;
				INFOPLIST_FILE = autoLayoutUITests/Info.plist;
				LD_RUNPATH_SEARCH_PATHS = "$(inherited) @executable_path/Frameworks @loader_path/Frameworks";
				PRODUCT_BUNDLE_IDENTIFIER = com.liliesterw.autoLayoutUITests;
				PRODUCT_NAME = "$(TARGET_NAME)";
				SWIFT_VERSION = 3.0;
				TEST_TARGET_NAME = autoLayout;
			};
			name = Release;
		};
/* End XCBuildConfiguration section */

/* Begin XCConfigurationList section */
		8159A2EC1E70E27F00541205 /* Build configuration list for PBXProject "autoLayout" */ = {
			isa = XCConfigurationList;
			buildConfigurations = (
				8159A3171E70E27F00541205 /* Debug */,
				8159A3181E70E27F00541205 /* Release */,
			);
			defaultConfigurationIsVisible = 0;
			defaultConfigurationName = Release;
		};
		8159A3191E70E27F00541205 /* Build configuration list for PBXNativeTarget "autoLayout" */ = {
			isa = XCConfigurationList;
			buildConfigurations = (
				8159A31A1E70E27F00541205 /* Debug */,
				8159A31B1E70E27F00541205 /* Release */,
			);
			defaultConfigurationIsVisible = 0;
		};
		8159A31C1E70E27F00541205 /* Build configuration list for PBXNativeTarget "autoLayoutTests" */ = {
			isa = XCConfigurationList;
			buildConfigurations = (
				8159A31D1E70E27F00541205 /* Debug */,
				8159A31E1E70E27F00541205 /* Release */,
			);
			defaultConfigurationIsVisible = 0;
		};
		8159A31F1E70E27F00541205 /* Build configuration list for PBXNativeTarget "autoLayoutUITests" */ = {
			isa = XCConfigurationList;
			buildConfigurations = (
				8159A3201E70E27F00541205 /* Debug */,
				8159A3211E70E27F00541205 /* Release */,
			);
			defaultConfigurationIsVisible = 0;
		};
/* End XCConfigurationList section */
	};
	rootObject = 8159A2E91E70E27F00541205 /* Project object */;
}
