// !$*UTF8*$!
{
	archiveVersion = 1;
	classes = {
	};
	objectVersion = 46;
	objects = {

/* Begin PBXBuildFile section */
		8143BF691E83588E00EE7C2A /* AppDelegate.swift in Sources */ = {isa = PBXBuildFile; fileRef = 8143BF681E83588E00EE7C2A /* AppDelegate.swift */; };
		8143BF6B1E83588E00EE7C2A /* ViewController.swift in Sources */ = {isa = PBXBuildFile; fileRef = 8143BF6A1E83588E00EE7C2A /* ViewController.swift */; };
		8143BF6E1E83588E00EE7C2A /* Main.storyboard in Resources */ = {isa = PBXBuildFile; fileRef = 8143BF6C1E83588E00EE7C2A /* Main.storyboard */; };
		8143BF711E83588E00EE7C2A /* usingdata.xcdatamodeld in Sources */ = {isa = PBXBuildFile; fileRef = 8143BF6F1E83588E00EE7C2A /* usingdata.xcdatamodeld */; };
		8143BF731E83588E00EE7C2A /* Assets.xcassets in Resources */ = {isa = PBXBuildFile; fileRef = 8143BF721E83588E00EE7C2A /* Assets.xcassets */; };
		8143BF761E83588E00EE7C2A /* LaunchScreen.storyboard in Resources */ = {isa = PBXBuildFile; fileRef = 8143BF741E83588E00EE7C2A /* LaunchScreen.storyboard */; };
		8143BF7E1E836D3500EE7C2A /* MyCell.swift in Sources */ = {isa = PBXBuildFile; fileRef = 8143BF7D1E836D3500EE7C2A /* MyCell.swift */; };
/* End PBXBuildFile section */

/* Begin PBXFileReference section */
		8143BF651E83588E00EE7C2A /* usingdata.app */ = {isa = PBXFileReference; explicitFileType = wrapper.application; includeInIndex = 0; path = usingdata.app; sourceTree = BUILT_PRODUCTS_DIR; };
		8143BF681E83588E00EE7C2A /* AppDelegate.swift */ = {isa = PBXFileReference; lastKnownFileType = sourcecode.swift; path = AppDelegate.swift; sourceTree = "<group>"; };
		8143BF6A1E83588E00EE7C2A /* ViewController.swift */ = {isa = PBXFileReference; lastKnownFileType = sourcecode.swift; path = ViewController.swift; sourceTree = "<group>"; };
		8143BF6D1E83588E00EE7C2A /* Base */ = {isa = PBXFileReference; lastKnownFileType = file.storyboard; name = Base; path = Base.lproj/Main.storyboard; sourceTree = "<group>"; };
		8143BF701E83588E00EE7C2A /* usingdata.xcdatamodel */ = {isa = PBXFileReference; lastKnownFileType = wrapper.xcdatamodel; path = usingdata.xcdatamodel; sourceTree = "<group>"; };
		8143BF721E83588E00EE7C2A /* Assets.xcassets */ = {isa = PBXFileReference; lastKnownFileType = folder.assetcatalog; path = Assets.xcassets; sourceTree = "<group>"; };
		8143BF751E83588E00EE7C2A /* Base */ = {isa = PBXFileReference; lastKnownFileType = file.storyboard; name = Base; path = Base.lproj/LaunchScreen.storyboard; sourceTree = "<group>"; };
		8143BF771E83588E00EE7C2A /* Info.plist */ = {isa = PBXFileReference; lastKnownFileType = text.plist.xml; path = Info.plist; sourceTree = "<group>"; };
		8143BF7D1E836D3500EE7C2A /* MyCell.swift */ = {isa = PBXFileReference; fileEncoding = 4; lastKnownFileType = sourcecode.swift; path = MyCell.swift; sourceTree = "<group>"; };
/* End PBXFileReference section */

/* Begin PBXFrameworksBuildPhase section */
		8143BF621E83588E00EE7C2A /* Frameworks */ = {
			isa = PBXFrameworksBuildPhase;
			buildActionMask = 2147483647;
			files = (
			);
			runOnlyForDeploymentPostprocessing = 0;
		};
/* End PBXFrameworksBuildPhase section */

/* Begin PBXGroup section */
		8143BF5C1E83588E00EE7C2A = {
			isa = PBXGroup;
			children = (
				8143BF7D1E836D3500EE7C2A /* MyCell.swift */,
				8143BF671E83588E00EE7C2A /* usingdata */,
				8143BF661E83588E00EE7C2A /* Products */,
			);
			sourceTree = "<group>";
		};
		8143BF661E83588E00EE7C2A /* Products */ = {
			isa = PBXGroup;
			children = (
				8143BF651E83588E00EE7C2A /* usingdata.app */,
			);
			name = Products;
			sourceTree = "<group>";
		};
		8143BF671E83588E00EE7C2A /* usingdata */ = {
			isa = PBXGroup;
			children = (
				8143BF681E83588E00EE7C2A /* AppDelegate.swift */,
				8143BF6A1E83588E00EE7C2A /* ViewController.swift */,
				8143BF6C1E83588E00EE7C2A /* Main.storyboard */,
				8143BF721E83588E00EE7C2A /* Assets.xcassets */,
				8143BF741E83588E00EE7C2A /* LaunchScreen.storyboard */,
				8143BF771E83588E00EE7C2A /* Info.plist */,
				8143BF6F1E83588E00EE7C2A /* usingdata.xcdatamodeld */,
			);
			path = usingdata;
			sourceTree = "<group>";
		};
/* End PBXGroup section */

/* Begin PBXNativeTarget section */
		8143BF641E83588E00EE7C2A /* usingdata */ = {
			isa = PBXNativeTarget;
			buildConfigurationList = 8143BF7A1E83588E00EE7C2A /* Build configuration list for PBXNativeTarget "usingdata" */;
			buildPhases = (
				8143BF611E83588E00EE7C2A /* Sources */,
				8143BF621E83588E00EE7C2A /* Frameworks */,
				8143BF631E83588E00EE7C2A /* Resources */,
			);
			buildRules = (
			);
			dependencies = (
			);
			name = usingdata;
			productName = usingdata;
			productReference = 8143BF651E83588E00EE7C2A /* usingdata.app */;
			productType = "com.apple.product-type.application";
		};
/* End PBXNativeTarget section */

/* Begin PBXProject section */
		8143BF5D1E83588E00EE7C2A /* Project object */ = {
			isa = PBXProject;
			attributes = {
				LastSwiftUpdateCheck = 0820;
				LastUpgradeCheck = 0820;
				ORGANIZATIONNAME = IOS;
				TargetAttributes = {
					8143BF641E83588E00EE7C2A = {
						CreatedOnToolsVersion = 8.2.1;
						ProvisioningStyle = Automatic;
					};
				};
			};
			buildConfigurationList = 8143BF601E83588E00EE7C2A /* Build configuration list for PBXProject "usingdata" */;
			compatibilityVersion = "Xcode 3.2";
			developmentRegion = English;
			hasScannedForEncodings = 0;
			knownRegions = (
				en,
				Base,
			);
			mainGroup = 8143BF5C1E83588E00EE7C2A;
			productRefGroup = 8143BF661E83588E00EE7C2A /* Products */;
			projectDirPath = "";
			projectRoot = "";
			targets = (
				8143BF641E83588E00EE7C2A /* usingdata */,
			);
		};
/* End PBXProject section */

/* Begin PBXResourcesBuildPhase section */
		8143BF631E83588E00EE7C2A /* Resources */ = {
			isa = PBXResourcesBuildPhase;
			buildActionMask = 2147483647;
			files = (
				8143BF761E83588E00EE7C2A /* LaunchScreen.storyboard in Resources */,
				8143BF731E83588E00EE7C2A /* Assets.xcassets in Resources */,
				8143BF6E1E83588E00EE7C2A /* Main.storyboard in Resources */,
			);
			runOnlyForDeploymentPostprocessing = 0;
		};
/* End PBXResourcesBuildPhase section */

/* Begin PBXSourcesBuildPhase section */
		8143BF611E83588E00EE7C2A /* Sources */ = {
			isa = PBXSourcesBuildPhase;
			buildActionMask = 2147483647;
			files = (
				8143BF711E83588E00EE7C2A /* usingdata.xcdatamodeld in Sources */,
				8143BF7E1E836D3500EE7C2A /* MyCell.swift in Sources */,
				8143BF6B1E83588E00EE7C2A /* ViewController.swift in Sources */,
				8143BF691E83588E00EE7C2A /* AppDelegate.swift in Sources */,
			);
			runOnlyForDeploymentPostprocessing = 0;
		};
/* End PBXSourcesBuildPhase section */

/* Begin PBXVariantGroup section */
		8143BF6C1E83588E00EE7C2A /* Main.storyboard */ = {
			isa = PBXVariantGroup;
			children = (
				8143BF6D1E83588E00EE7C2A /* Base */,
			);
			name = Main.storyboard;
			sourceTree = "<group>";
		};
		8143BF741E83588E00EE7C2A /* LaunchScreen.storyboard */ = {
			isa = PBXVariantGroup;
			children = (
				8143BF751E83588E00EE7C2A /* Base */,
			);
			name = LaunchScreen.storyboard;
			sourceTree = "<group>";
		};
/* End PBXVariantGroup section */

/* Begin XCBuildConfiguration section */
		8143BF781E83588E00EE7C2A /* Debug */ = {
			isa = XCBuildConfiguration;
			buildSettings = {
				ALWAYS_SEARCH_USER_PATHS = NO;
				CLANG_ANALYZER_NONNULL = YES;
				CLANG_CXX_LANGUAGE_STANDARD = "gnu++0x";
				CLANG_CXX_LIBRARY = "libc++";
				CLANG_ENABLE_MODULES = YES;
				CLANG_ENABLE_OBJC_ARC = YES;
				CLANG_WARN_BOOL_CONVERSION = YES;
				CLANG_WARN_CONSTANT_CONVERSION = YES;
				CLANG_WARN_DIRECT_OBJC_ISA_USAGE = YES_ERROR;
				CLANG_WARN_DOCUMENTATION_COMMENTS = YES;
				CLANG_WARN_EMPTY_BODY = YES;
				CLANG_WARN_ENUM_CONVERSION = YES;
				CLANG_WARN_INFINITE_RECURSION = YES;
				CLANG_WARN_INT_CONVERSION = YES;
				CLANG_WARN_OBJC_ROOT_CLASS = YES_ERROR;
				CLANG_WARN_SUSPICIOUS_MOVE = YES;
				CLANG_WARN_UNREACHABLE_CODE = YES;
				CLANG_WARN__DUPLICATE_METHOD_MATCH = YES;
				"CODE_SIGN_IDENTITY[sdk=iphoneos*]" = "iPhone Developer";
				COPY_PHASE_STRIP = NO;
				DEBUG_INFORMATION_FORMAT = dwarf;
				ENABLE_STRICT_OBJC_MSGSEND = YES;
				ENABLE_TESTABILITY = YES;
				GCC_C_LANGUAGE_STANDARD = gnu99;
				GCC_DYNAMIC_NO_PIC = NO;
				GCC_NO_COMMON_BLOCKS = YES;
				GCC_OPTIMIZATION_LEVEL = 0;
				GCC_PREPROCESSOR_DEFINITIONS = (
					"DEBUG=1",
					"$(inherited)",
				);
				GCC_WARN_64_TO_32_BIT_CONVERSION = YES;
				GCC_WARN_ABOUT_RETURN_TYPE = YES_ERROR;
				GCC_WARN_UNDECLARED_SELECTOR = YES;
				GCC_WARN_UNINITIALIZED_AUTOS = YES_AGGRESSIVE;
				GCC_WARN_UNUSED_FUNCTION = YES;
				GCC_WARN_UNUSED_VARIABLE = YES;
				IPHONEOS_DEPLOYMENT_TARGET = 10.2;
				MTL_ENABLE_DEBUG_INFO = YES;
				ONLY_ACTIVE_ARCH = YES;
				SDKROOT = iphoneos;
				SWIFT_ACTIVE_COMPILATION_CONDITIONS = DEBUG;
				SWIFT_OPTIMIZATION_LEVEL = "-Onone";
				TARGETED_DEVICE_FAMILY = "1,2";
			};
			name = Debug;
		};
		8143BF791E83588E00EE7C2A /* Release */ = {
			isa = XCBuildConfiguration;
			buildSettings = {
				ALWAYS_SEARCH_USER_PATHS = NO;
				CLANG_ANALYZER_NONNULL = YES;
				CLANG_CXX_LANGUAGE_STANDARD = "gnu++0x";
				CLANG_CXX_LIBRARY = "libc++";
				CLANG_ENABLE_MODULES = YES;
				CLANG_ENABLE_OBJC_ARC = YES;
				CLANG_WARN_BOOL_CONVERSION = YES;
				CLANG_WARN_CONSTANT_CONVERSION = YES;
				CLANG_WARN_DIRECT_OBJC_ISA_USAGE = YES_ERROR;
				CLANG_WARN_DOCUMENTATION_COMMENTS = YES;
				CLANG_WARN_EMPTY_BODY = YES;
				CLANG_WARN_ENUM_CONVERSION = YES;
				CLANG_WARN_INFINITE_RECURSION = YES;
				CLANG_WARN_INT_CONVERSION = YES;
				CLANG_WARN_OBJC_ROOT_CLASS = YES_ERROR;
				CLANG_WARN_SUSPICIOUS_MOVE = YES;
				CLANG_WARN_UNREACHABLE_CODE = YES;
				CLANG_WARN__DUPLICATE_METHOD_MATCH = YES;
				"CODE_SIGN_IDENTITY[sdk=iphoneos*]" = "iPhone Developer";
				COPY_PHASE_STRIP = NO;
				DEBUG_INFORMATION_FORMAT = "dwarf-with-dsym";
				ENABLE_NS_ASSERTIONS = NO;
				ENABLE_STRICT_OBJC_MSGSEND = YES;
				GCC_C_LANGUAGE_STANDARD = gnu99;
				GCC_NO_COMMON_BLOCKS = YES;
				GCC_WARN_64_TO_32_BIT_CONVERSION = YES;
				GCC_WARN_ABOUT_RETURN_TYPE = YES_ERROR;
				GCC_WARN_UNDECLARED_SELECTOR = YES;
				GCC_WARN_UNINITIALIZED_AUTOS = YES_AGGRESSIVE;
				GCC_WARN_UNUSED_FUNCTION = YES;
				GCC_WARN_UNUSED_VARIABLE = YES;
				IPHONEOS_DEPLOYMENT_TARGET = 10.2;
				MTL_ENABLE_DEBUG_INFO = NO;
				SDKROOT = iphoneos;
				SWIFT_OPTIMIZATION_LEVEL = "-Owholemodule";
				TARGETED_DEVICE_FAMILY = "1,2";
				VALIDATE_PRODUCT = YES;
			};
			name = Release;
		};
		8143BF7B1E83588E00EE7C2A /* Debug */ = {
			isa = XCBuildConfiguration;
			buildSettings = {
				ASSETCATALOG_COMPILER_APPICON_NAME = AppIcon;
				INFOPLIST_FILE = usingdata/Info.plist;
				LD_RUNPATH_SEARCH_PATHS = "$(inherited) @executable_path/Frameworks";
				PRODUCT_BUNDLE_IDENTIFIER = com.liliesterw.usingdata;
				PRODUCT_NAME = "$(TARGET_NAME)";
				SWIFT_VERSION = 3.0;
			};
			name = Debug;
		};
		8143BF7C1E83588E00EE7C2A /* Release */ = {
			isa = XCBuildConfiguration;
			buildSettings = {
				ASSETCATALOG_COMPILER_APPICON_NAME = AppIcon;
				INFOPLIST_FILE = usingdata/Info.plist;
				LD_RUNPATH_SEARCH_PATHS = "$(inherited) @executable_path/Frameworks";
				PRODUCT_BUNDLE_IDENTIFIER = com.liliesterw.usingdata;
				PRODUCT_NAME = "$(TARGET_NAME)";
				SWIFT_VERSION = 3.0;
			};
			name = Release;
		};
/* End XCBuildConfiguration section */

/* Begin XCConfigurationList section */
		8143BF601E83588E00EE7C2A /* Build configuration list for PBXProject "usingdata" */ = {
			isa = XCConfigurationList;
			buildConfigurations = (
				8143BF781E83588E00EE7C2A /* Debug */,
				8143BF791E83588E00EE7C2A /* Release */,
			);
			defaultConfigurationIsVisible = 0;
			defaultConfigurationName = Release;
		};
		8143BF7A1E83588E00EE7C2A /* Build configuration list for PBXNativeTarget "usingdata" */ = {
			isa = XCConfigurationList;
			buildConfigurations = (
				8143BF7B1E83588E00EE7C2A /* Debug */,
				8143BF7C1E83588E00EE7C2A /* Release */,
			);
			defaultConfigurationIsVisible = 0;
		};
/* End XCConfigurationList section */

/* Begin XCVersionGroup section */
		8143BF6F1E83588E00EE7C2A /* usingdata.xcdatamodeld */ = {
			isa = XCVersionGroup;
			children = (
				8143BF701E83588E00EE7C2A /* usingdata.xcdatamodel */,
			);
			currentVersion = 8143BF701E83588E00EE7C2A /* usingdata.xcdatamodel */;
			path = usingdata.xcdatamodeld;
			sourceTree = "<group>";
			versionGroupType = wrapper.xcdatamodel;
		};
/* End XCVersionGroup section */
	};
	rootObject = 8143BF5D1E83588E00EE7C2A /* Project object */;
}
